
Microsoft Visual Studio Solution File, Format Version 12.00
# Visual Studio Version 16
VisualStudioVersion = 16.0.30105.148
MinimumVisualStudioVersion = 10.0.40219.1
Project("{FAE04EC0-301F-11D3-BF4B-00C04F79EFBC}") = "HotelFair", "HotelFair\HotelFair.csproj", "{2D2A4EEA-6E10-4AF9-898E-2E656F334727}"
EndProject
Project("{FAE04EC0-301F-11D3-BF4B-00C04F79EFBC}") = "HotelFair.Android", "HotelFair.Android\HotelFair.Android.csproj", "{E05CB3EB-43BA-4EE5-9BD5-EEE31847A83E}"
EndProject
Project("{FAE04EC0-301F-11D3-BF4B-00C04F79EFBC}") = "HotelFair.iOS", "HotelFair.iOS\HotelFair.iOS.csproj", "{B873C2A4-14B7-4368-8626-BA44F03759BF}"
EndProject
Global
	GlobalSection(SolutionConfigurationPlatforms) = preSolution
		Ad-Hoc|Any CPU = Ad-Hoc|Any CPU
		Ad-Hoc|iPhone = Ad-Hoc|iPhone
		Ad-Hoc|iPhoneSimulator = Ad-Hoc|iPhoneSimulator
		AppStore|Any CPU = AppStore|Any CPU
		AppStore|iPhone = AppStore|iPhone
		AppStore|iPhoneSimulator = AppStore|iPhoneSimulator
		Debug|Any CPU = Debug|Any CPU
		Debug|iPhone = Debug|iPhone
		Debug|iPhoneSimulator = Debug|iPhoneSimulator
		Release|Any CPU = Release|Any CPU
		Release|iPhone = Release|iPhone
		Release|iPhoneSimulator = Release|iPhoneSimulator
	EndGlobalSection
	GlobalSection(ProjectConfigurationPlatforms) = postSolution
		{2D2A4EEA-6E10-4AF9-898E-2E656F334727}.Ad-Hoc|Any CPU.ActiveCfg = Debug|Any CPU
		{2D2A4EEA-6E10-4AF9-898E-2E656F334727}.Ad-Hoc|Any CPU.Build.0 = Debug|Any CPU
		{2D2A4EEA-6E10-4AF9-898E-2E656F334727}.Ad-Hoc|iPhone.ActiveCfg = Debug|Any CPU
		{2D2A4EEA-6E10-4AF9-898E-2E656F334727}.Ad-Hoc|iPhone.Build.0 = Debug|Any CPU
		{2D2A4EEA-6E10-4AF9-898E-2E656F334727}.Ad-Hoc|iPhoneSimulator.ActiveCfg = Debug|Any CPU
		{2D2A4EEA-6E10-4AF9-898E-2E656F334727}.Ad-Hoc|iPhoneSimulator.Build.0 = Debug|Any CPU
		{2D2A4EEA-6E10-4AF9-898E-2E656F334727}.AppStore|Any CPU.ActiveCfg = Debug|Any CPU
		{2D2A4EEA-6E10-4AF9-898E-2E656F334727}.AppStore|Any CPU.Build.0 = Debug|Any CPU
		{2D2A4EEA-6E10-4AF9-898E-2E656F334727}.AppStore|iPhone.ActiveCfg = Debug|Any CPU
		{2D2A4EEA-6E10-4AF9-898E-2E656F334727}.AppStore|iPhone.Build.0 = Debug|Any CPU
		{2D2A4EEA-6E10-4AF9-898E-2E656F334727}.AppStore|iPhoneSimulator.ActiveCfg = Debug|Any CPU
		{2D2A4EEA-6E10-4AF9-898E-2E656F334727}.AppStore|iPhoneSimulator.Build.0 = Debug|Any CPU
		{2D2A4EEA-6E10-4AF9-898E-2E656F334727}.Debug|Any CPU.ActiveCfg = Debug|Any CPU
		{2D2A4EEA-6E10-4AF9-898E-2E656F334727}.Debug|Any CPU.Build.0 = Debug|Any CPU
		{2D2A4EEA-6E10-4AF9-898E-2E656F334727}.Debug|iPhone.ActiveCfg = Debug|Any CPU
		{2D2A4EEA-6E10-4AF9-898E-2E656F334727}.Debug|iPhone.Build.0 = Debug|Any CPU
		{2D2A4EEA-6E10-4AF9-898E-2E656F334727}.Debug|iPhoneSimulator.ActiveCfg = Debug|Any CPU
		{2D2A4EEA-6E10-4AF9-898E-2E656F334727}.Debug|iPhoneSimulator.Build.0 = Debug|Any CPU
		{2D2A4EEA-6E10-4AF9-898E-2E656F334727}.Release|Any CPU.ActiveCfg = Release|Any CPU
		{2D2A4EEA-6E10-4AF9-898E-2E656F334727}.Release|Any CPU.Build.0 = Release|Any CPU
		{2D2A4EEA-6E10-4AF9-898E-2E656F334727}.Release|iPhone.ActiveCfg = Release|Any CPU
		{2D2A4EEA-6E10-4AF9-898E-2E656F334727}.Release|iPhone.Build.0 = Release|Any CPU
		{2D2A4EEA-6E10-4AF9-898E-2E656F334727}.Release|iPhoneSimulator.ActiveCfg = Release|Any CPU
		{2D2A4EEA-6E10-4AF9-898E-2E656F334727}.Release|iPhoneSimulator.Build.0 = Release|Any CPU
		{E05CB3EB-43BA-4EE5-9BD5-EEE31847A83E}.Ad-Hoc|Any CPU.ActiveCfg = Release|Any CPU
		{E05CB3EB-43BA-4EE5-9BD5-EEE31847A83E}.Ad-Hoc|Any CPU.Build.0 = Release|Any CPU
		{E05CB3EB-43BA-4EE5-9BD5-EEE31847A83E}.Ad-Hoc|Any CPU.Deploy.0 = Release|Any CPU
		{E05CB3EB-43BA-4EE5-9BD5-EEE31847A83E}.Ad-Hoc|iPhone.ActiveCfg = Release|Any CPU
		{E05CB3EB-43BA-4EE5-9BD5-EEE31847A83E}.Ad-Hoc|iPhone.Build.0 = Release|Any CPU
		{E05CB3EB-43BA-4EE5-9BD5-EEE31847A83E}.Ad-Hoc|iPhone.Deploy.0 = Release|Any CPU
		{E05CB3EB-43BA-4EE5-9BD5-EEE31847A83E}.Ad-Hoc|iPhoneSimulator.ActiveCfg = Release|Any CPU
		{E05CB3EB-43BA-4EE5-9BD5-EEE31847A83E}.Ad-Hoc|iPhoneSimulator.Build.0 = Release|Any CPU
		{E05CB3EB-43BA-4EE5-9BD5-EEE31847A83E}.Ad-Hoc|iPhoneSimulator.Deploy.0 = Release|Any CPU
		{E05CB3EB-43BA-4EE5-9BD5-EEE31847A83E}.AppStore|Any CPU.ActiveCfg = Release|Any CPU
		{E05CB3EB-43BA-4EE5-9BD5-EEE31847A83E}.AppStore|Any CPU.Build.0 = Release|Any CPU
		{E05CB3EB-43BA-4EE5-9BD5-EEE31847A83E}.AppStore|Any CPU.Deploy.0 = Release|Any CPU
		{E05CB3EB-43BA-4EE5-9BD5-EEE31847A83E}.AppStore|iPhone.ActiveCfg = Release|Any CPU
		{E05CB3EB-43BA-4EE5-9BD5-EEE31847A83E}.AppStore|iPhone.Build.0 = Release|Any CPU
		{E05CB3EB-43BA-4EE5-9BD5-EEE31847A83E}.AppStore|iPhone.Deploy.0 = Release|Any CPU
		{E05CB3EB-43BA-4EE5-9BD5-EEE31847A83E}.AppStore|iPhoneSimulator.ActiveCfg = Release|Any CPU
		{E05CB3EB-43BA-4EE5-9BD5-EEE31847A83E}.AppStore|iPhoneSimulator.Build.0 = Release|Any CPU
		{E05CB3EB-43BA-4EE5-9BD5-EEE31847A83E}.AppStore|iPhoneSimulator.Deploy.0 = Release|Any CPU
		{E05CB3EB-43BA-4EE5-9BD5-EEE31847A83E}.Debug|Any CPU.ActiveCfg = Debug|Any CPU
		{E05CB3EB-43BA-4EE5-9BD5-EEE31847A83E}.Debug|Any CPU.Build.0 = Debug|Any CPU
		{E05CB3EB-43BA-4EE5-9BD5-EEE31847A83E}.Debug|Any CPU.Deploy.0 = Debug|Any CPU
		{E05CB3EB-43BA-4EE5-9BD5-EEE31847A83E}.Debug|iPhone.ActiveCfg = Debug|Any CPU
		{E05CB3EB-43BA-4EE5-9BD5-EEE31847A83E}.Debug|iPhone.Build.0 = Debug|Any CPU
		{E05CB3EB-43BA-4EE5-9BD5-EEE31847A83E}.Debug|iPhone.Deploy.0 = Debug|Any CPU
		{E05CB3EB-43BA-4EE5-9BD5-EEE31847A83E}.Debug|iPhoneSimulator.ActiveCfg = Debug|Any CPU
		{E05CB3EB-43BA-4EE5-9BD5-EEE31847A83E}.Debug|iPhoneSimulator.Build.0 = Debug|Any CPU
		{E05CB3EB-43BA-4EE5-9BD5-EEE31847A83E}.Debug|iPhoneSimulator.Deploy.0 = Debug|Any CPU
		{E05CB3EB-43BA-4EE5-9BD5-EEE31847A83E}.Release|Any CPU.ActiveCfg = Release|Any CPU
		{E05CB3EB-43BA-4EE5-9BD5-EEE31847A83E}.Release|Any CPU.Build.0 = Release|Any CPU
		{E05CB3EB-43BA-4EE5-9BD5-EEE31847A83E}.Release|Any CPU.Deploy.0 = Release|Any CPU
		{E05CB3EB-43BA-4EE5-9BD5-EEE31847A83E}.Release|iPhone.ActiveCfg = Release|Any CPU
		{E05CB3EB-43BA-4EE5-9BD5-EEE31847A83E}.Release|iPhone.Build.0 = Release|Any CPU
		{E05CB3EB-43BA-4EE5-9BD5-EEE31847A83E}.Release|iPhone.Deploy.0 = Release|Any CPU
		{E05CB3EB-43BA-4EE5-9BD5-EEE31847A83E}.Release|iPhoneSimulator.ActiveCfg = Release|Any CPU
		{E05CB3EB-43BA-4EE5-9BD5-EEE31847A83E}.Release|iPhoneSimulator.Build.0 = Release|Any CPU
		{E05CB3EB-43BA-4EE5-9BD5-EEE31847A83E}.Release|iPhoneSimulator.Deploy.0 = Release|Any CPU
		{B873C2A4-14B7-4368-8626-BA44F03759BF}.Ad-Hoc|Any CPU.ActiveCfg = Ad-Hoc|iPhone
		{B873C2A4-14B7-4368-8626-BA44F03759BF}.Ad-Hoc|iPhone.ActiveCfg = Ad-Hoc|iPhone
		{B873C2A4-14B7-4368-8626-BA44F03759BF}.Ad-Hoc|iPhone.Build.0 = Ad-Hoc|iPhone
		{B873C2A4-14B7-4368-8626-BA44F03759BF}.Ad-Hoc|iPhoneSimulator.ActiveCfg = Ad-Hoc|iPhoneSimulator
		{B873C2A4-14B7-4368-8626-BA44F03759BF}.Ad-Hoc|iPhoneSimulator.Build.0 = Ad-Hoc|iPhoneSimulator
		{B873C2A4-14B7-4368-8626-BA44F03759BF}.AppStore|Any CPU.ActiveCfg = AppStore|iPhone
		{B873C2A4-14B7-4368-8626-BA44F03759BF}.AppStore|iPhone.ActiveCfg = AppStore|iPhone
		{B873C2A4-14B7-4368-8626-BA44F03759BF}.AppStore|iPhone.Build.0 = AppStore|iPhone
		{B873C2A4-14B7-4368-8626-BA44F03759BF}.AppStore|iPhoneSimulator.ActiveCfg = AppStore|iPhoneSimulator
		{B873C2A4-14B7-4368-8626-BA44F03759BF}.AppStore|iPhoneSimulator.Build.0 = AppStore|iPhoneSimulator
		{B873C2A4-14B7-4368-8626-BA44F03759BF}.Debug|Any CPU.ActiveCfg = Debug|iPhone
		{B873C2A4-14B7-4368-8626-BA44F03759BF}.Debug|iPhone.ActiveCfg = Debug|iPhone
		{B873C2A4-14B7-4368-8626-BA44F03759BF}.Debug|iPhone.Build.0 = Debug|iPhone
		{B873C2A4-14B7-4368-8626-BA44F03759BF}.Debug|iPhoneSimulator.ActiveCfg = Debug|iPhoneSimulator
		{B873C2A4-14B7-4368-8626-BA44F03759BF}.Debug|iPhoneSimulator.Build.0 = Debug|iPhoneSimulator
		{B873C2A4-14B7-4368-8626-BA44F03759BF}.Release|Any CPU.ActiveCfg = Release|iPhone
		{B873C2A4-14B7-4368-8626-BA44F03759BF}.Release|iPhone.ActiveCfg = Release|iPhone
		{B873C2A4-14B7-4368-8626-BA44F03759BF}.Release|iPhone.Build.0 = Release|iPhone
		{B873C2A4-14B7-4368-8626-BA44F03759BF}.Release|iPhoneSimulator.ActiveCfg = Release|iPhoneSimulator
		{B873C2A4-14B7-4368-8626-BA44F03759BF}.Release|iPhoneSimulator.Build.0 = Release|iPhoneSimulator
	EndGlobalSection
	GlobalSection(SolutionProperties) = preSolution
		HideSolutionNode = FALSE
	EndGlobalSection
	GlobalSection(ExtensibilityGlobals) = postSolution
		SolutionGuid = {AFA9D2F7-7081-4EF0-80A3-19884CE9346E}
	EndGlobalSection
EndGlobal
